
Microsoft Visual Studio Solution File, Format Version 12.00
# Visual Studio 15
VisualStudioVersion = 15.0.27004.2002
MinimumVisualStudioVersion = 10.0.40219.1
Project("{8BC9CEB8-8B4A-11D0-8D11-00A0C91BC942}") = "MPI", "MPI\MPI.vcxproj", "{EB3696EF-1E8F-4D1C-9061-D33802FDC35A}"
EndProject
Global
	GlobalSection(SolutionConfigurationPlatforms) = preSolution
		Debug|x64 = Debug|x64
		Debug|x86 = Debug|x86
		Release|x64 = Release|x64
		Release|x86 = Release|x86
	EndGlobalSection
	GlobalSection(ProjectConfigurationPlatforms) = postSolution
		{EB3696EF-1E8F-4D1C-9061-D33802FDC35A}.Debug|x64.ActiveCfg = Debug|x64
		{EB3696EF-1E8F-4D1C-9061-D33802FDC35A}.Debug|x64.Build.0 = Debug|x64
		{EB3696EF-1E8F-4D1C-9061-D33802FDC35A}.Debug|x86.ActiveCfg = Debug|Win32
		{EB3696EF-1E8F-4D1C-9061-D33802FDC35A}.Debug|x86.Build.0 = Debug|Win32
		{EB3696EF-1E8F-4D1C-9061-D33802FDC35A}.Release|x64.ActiveCfg = Release|x64
		{EB3696EF-1E8F-4D1C-9061-D33802FDC35A}.Release|x64.Build.0 = Release|x64
		{EB3696EF-1E8F-4D1C-9061-D33802FDC35A}.Release|x86.ActiveCfg = Release|Win32
		{EB3696EF-1E8F-4D1C-9061-D33802FDC35A}.Release|x86.Build.0 = Release|Win32
	EndGlobalSection
	GlobalSection(SolutionProperties) = preSolution
		HideSolutionNode = FALSE
	EndGlobalSection
	GlobalSection(ExtensibilityGlobals) = postSolution
		SolutionGuid = {AFE692D8-8449-4027-A09A-84009510DC5C}
	EndGlobalSection
EndGlobal
