
Microsoft Visual Studio Solution File, Format Version 12.00
# Visual Studio 15
VisualStudioVersion = 15.0.27004.2005
MinimumVisualStudioVersion = 10.0.40219.1
Project("{FAE04EC0-301F-11D3-BF4B-00C04F79EFBC}") = "LABHTTP", "LABHTTP\LABHTTP.csproj", "{9825C5E2-724A-4C84-A1CD-8B57A93ED34B}"
EndProject
Global
	GlobalSection(SolutionConfigurationPlatforms) = preSolution
		Debug|ARM = Debug|ARM
		Debug|x64 = Debug|x64
		Debug|x86 = Debug|x86
		Release|ARM = Release|ARM
		Release|x64 = Release|x64
		Release|x86 = Release|x86
	EndGlobalSection
	GlobalSection(ProjectConfigurationPlatforms) = postSolution
		{9825C5E2-724A-4C84-A1CD-8B57A93ED34B}.Debug|ARM.ActiveCfg = Debug|ARM
		{9825C5E2-724A-4C84-A1CD-8B57A93ED34B}.Debug|ARM.Build.0 = Debug|ARM
		{9825C5E2-724A-4C84-A1CD-8B57A93ED34B}.Debug|ARM.Deploy.0 = Debug|ARM
		{9825C5E2-724A-4C84-A1CD-8B57A93ED34B}.Debug|x64.ActiveCfg = Debug|x64
		{9825C5E2-724A-4C84-A1CD-8B57A93ED34B}.Debug|x64.Build.0 = Debug|x64
		{9825C5E2-724A-4C84-A1CD-8B57A93ED34B}.Debug|x64.Deploy.0 = Debug|x64
		{9825C5E2-724A-4C84-A1CD-8B57A93ED34B}.Debug|x86.ActiveCfg = Debug|x86
		{9825C5E2-724A-4C84-A1CD-8B57A93ED34B}.Debug|x86.Build.0 = Debug|x86
		{9825C5E2-724A-4C84-A1CD-8B57A93ED34B}.Debug|x86.Deploy.0 = Debug|x86
		{9825C5E2-724A-4C84-A1CD-8B57A93ED34B}.Release|ARM.ActiveCfg = Release|ARM
		{9825C5E2-724A-4C84-A1CD-8B57A93ED34B}.Release|ARM.Build.0 = Release|ARM
		{9825C5E2-724A-4C84-A1CD-8B57A93ED34B}.Release|ARM.Deploy.0 = Release|ARM
		{9825C5E2-724A-4C84-A1CD-8B57A93ED34B}.Release|x64.ActiveCfg = Release|x64
		{9825C5E2-724A-4C84-A1CD-8B57A93ED34B}.Release|x64.Build.0 = Release|x64
		{9825C5E2-724A-4C84-A1CD-8B57A93ED34B}.Release|x64.Deploy.0 = Release|x64
		{9825C5E2-724A-4C84-A1CD-8B57A93ED34B}.Release|x86.ActiveCfg = Release|x86
		{9825C5E2-724A-4C84-A1CD-8B57A93ED34B}.Release|x86.Build.0 = Release|x86
		{9825C5E2-724A-4C84-A1CD-8B57A93ED34B}.Release|x86.Deploy.0 = Release|x86
	EndGlobalSection
	GlobalSection(SolutionProperties) = preSolution
		HideSolutionNode = FALSE
	EndGlobalSection
	GlobalSection(ExtensibilityGlobals) = postSolution
		SolutionGuid = {E7525994-8787-4F3B-B5CE-5C69E14D934F}
	EndGlobalSection
EndGlobal
